<?xml version="1.0" encoding="utf-8"?>
<Project ToolsVersion="4.0" xmlns="http://schemas.microsoft.com/developer/msbuild/2003">
  <ItemGroup>
    <ClInclude Include="src\3rdParty\stb_image.h">
      <Filter>第三方库</Filter>
    </ClInclude>
    <ClInclude Include="src\main.h">
      <Filter>头文件</Filter>
    </ClInclude>
    <ClInclude Include="src\resource.h">
      <Filter>头文件</Filter>
    </ClInclude>
    <ClInclude Include="src\SimpleContainer.h">
      <Filter>头文件</Filter>
    </ClInclude>
    <ClInclude Include="src\MemFile.h">
      <Filter>头文件</Filter>
    </ClInclude>
    <ClInclude Include="src\EPUBBook.h">
      <Filter>头文件</Filter>
    </ClInclude>
    <ClInclude Include="src\FontKey.h">
      <Filter>头文件</Filter>
    </ClInclude>
    <ClInclude Include="src\MML2SVG.h">
      <Filter>头文件</Filter>
    </ClInclude>
    <ClInclude Include="src\a2w_w2a.h">
      <Filter>头文件</Filter>
    </ClInclude>
    <ClInclude Include="src\ReadingRecord.h">
      <Filter>头文件</Filter>
    </ClInclude>
    <ClInclude Include="src\VirtualDoc.h">
      <Filter>头文件</Filter>
    </ClInclude>
    <ClInclude Include="src\EPUBParser.h">
      <Filter>头文件</Filter>
    </ClInclude>
    <ClInclude Include="src\EPUBFileProvider.h">
      <Filter>FileProvider</Filter>
    </ClInclude>
    <ClInclude Include="src\LocalFileProvider.h">
      <Filter>FileProvider</Filter>
    </ClInclude>
    <ClInclude Include="src\IFileProvider.h">
      <Filter>FileProvider</Filter>
    </ClInclude>
    <ClInclude Include="src\ScrollbarWindow.h">
      <Filter>Windows</Filter>
    </ClInclude>
    <ClInclude Include="src\TocWindow.h">
      <Filter>Windows</Filter>
    </ClInclude>
    <ClInclude Include="src\ZipFileProvider.h">
      <Filter>FileProvider</Filter>
    </ClInclude>
    <ClInclude Include="src\HomepageWindow.h">
      <Filter>Windows</Filter>
    </ClInclude>
    <ClInclude Include="src\HtmlWindow.h">
      <Filter>Windows</Filter>
    </ClInclude>
    <ClInclude Include="src\ImageviewWindow.h">
      <Filter>Windows</Filter>
    </ClInclude>
    <ClInclude Include="src\TooltipWindow.h">
      <Filter>Windows</Filter>
    </ClInclude>
    <ClInclude Include="src\ViewWindow.h">
      <Filter>Windows</Filter>
    </ClInclude>
    <ClInclude Include="src\AppBootstrap.h">
      <Filter>头文件</Filter>
    </ClInclude>
    <ClInclude Include="src\PreprocessHTML.h" />
  </ItemGroup>
  <ItemGroup>
    <Image Include="res\app.ico">
      <Filter>资源</Filter>
    </Image>
    <Image Include="res\dot.ico">
      <Filter>资源</Filter>
    </Image>
  </ItemGroup>
  <ItemGroup>
    <CopyFileToFolders Include="res\global.css">
      <Filter>资源</Filter>
    </CopyFileToFolders>
    <CopyFileToFolders Include="res\homepage.html">
      <Filter>资源</Filter>
    </CopyFileToFolders>
  </ItemGroup>
  <ItemGroup>
    <Filter Include="头文件">
      <UniqueIdentifier>{0d3747d8-8bb9-4c4d-ad0e-c0bc45b2fa0f}</UniqueIdentifier>
    </Filter>
    <Filter Include="资源">
      <UniqueIdentifier>{4aa8b4cb-f0c3-4bf3-9033-c0c6c83aee95}</UniqueIdentifier>
    </Filter>
    <Filter Include="第三方库">
      <UniqueIdentifier>{d86a7d78-27c7-43f7-ac37-f81f256ee758}</UniqueIdentifier>
    </Filter>
    <Filter Include="源文件">
      <UniqueIdentifier>{45e756fa-c1df-4e36-94b0-27227043c444}</UniqueIdentifier>
    </Filter>
    <Filter Include="FileProvider">
      <UniqueIdentifier>{f5eba821-3c43-43c4-82ab-3b49d30fa394}</UniqueIdentifier>
    </Filter>
    <Filter Include="Windows">
      <UniqueIdentifier>{a1fdd904-2a05-4fc2-b5a7-9e165361bc0d}</UniqueIdentifier>
    </Filter>
  </ItemGroup>
  <ItemGroup>
    <ClCompile Include="src\main.cpp">
      <Filter>源文件</Filter>
    </ClCompile>
    <ClCompile Include="src\SimpleContainer.cpp">
      <Filter>源文件</Filter>
    </ClCompile>
    <ClCompile Include="src\EPUBBook.cpp">
      <Filter>源文件</Filter>
    </ClCompile>
    <ClCompile Include="src\MML2SVG.cpp">
      <Filter>源文件</Filter>
    </ClCompile>
    <ClCompile Include="src\ReadingRecord.cpp">
      <Filter>源文件</Filter>
    </ClCompile>
    <ClCompile Include="src\VirtualDoc.cpp">
      <Filter>源文件</Filter>
    </ClCompile>
    <ClCompile Include="src\EPUBParser.cpp">
      <Filter>源文件</Filter>
    </ClCompile>
    <ClCompile Include="src\ZipFileProvider.cpp">
      <Filter>FileProvider</Filter>
    </ClCompile>
    <ClCompile Include="src\EPUBFileProvider.cpp">
      <Filter>FileProvider</Filter>
    </ClCompile>
    <ClCompile Include="src\LocalFileProvider.cpp">
      <Filter>FileProvider</Filter>
    </ClCompile>
    <ClCompile Include="src\IFileProvider.cpp">
      <Filter>FileProvider</Filter>
    </ClCompile>
    <ClCompile Include="src\ScrollbarWindow.cpp">
      <Filter>Windows</Filter>
    </ClCompile>
    <ClCompile Include="src\TocWindow.cpp">
      <Filter>Windows</Filter>
    </ClCompile>
    <ClCompile Include="src\HomepageWindow.cpp">
      <Filter>Windows</Filter>
    </ClCompile>
    <ClCompile Include="src\HtmlWindow.cpp">
      <Filter>Windows</Filter>
    </ClCompile>
    <ClCompile Include="src\ImageviewWindow.cpp">
      <Filter>Windows</Filter>
    </ClCompile>
    <ClCompile Include="src\TooltipWindow.cpp">
      <Filter>Windows</Filter>
    </ClCompile>
    <ClCompile Include="src\ViewWindow.cpp">
      <Filter>Windows</Filter>
    </ClCompile>
    <ClCompile Include="src\AppBootstrap.cpp">
      <Filter>源文件</Filter>
    </ClCompile>
    <ClCompile Include="src\PreprocessHTML.cpp" />
  </ItemGroup>
  <ItemGroup>
    <ResourceCompile Include="src\resource.rc">
      <Filter>资源</Filter>
    </ResourceCompile>
  </ItemGroup>
</Project>