
Microsoft Visual Studio Solution File, Format Version 12.00
# Visual Studio Version 16
VisualStudioVersion = 16.0.36602.28
MinimumVisualStudioVersion = 10.0.40219.1
Project("{8BC9CEB8-8B4A-11D0-8D11-00A0C91BC942}") = "SimpleReader", "SimpleReader\SimpleReader.vcxproj", "{741782D1-25D4-42B6-968E-150804FAF41B}"
EndProject
Project("{8BC9CEB8-8B4A-11D0-8D11-00A0C91BC942}") = "MML2SVG", "MML2SVG\MML2SVG.vcxproj", "{F6B0A70C-FF06-4C45-9B92-56D1E46BF5B7}"
EndProject
Project("{8BC9CEB8-8B4A-11D0-8D11-00A0C91BC942}") = "ReadingRecorder", "ReadingRecorder\ReadingRecorder.vcxproj", "{A7D4BAEA-159A-4AD4-9B9D-B4714604038B}"
EndProject
Project("{8BC9CEB8-8B4A-11D0-8D11-00A0C91BC942}") = "EPUBBook", "EPUBBook\EPUBBook.vcxproj", "{72281C37-F044-49A3-85B9-A7667EBB76D9}"
EndProject
Project("{8BC9CEB8-8B4A-11D0-8D11-00A0C91BC942}") = "litehtml", "litehtml\litehtml.vcxproj", "{5EEE68E7-3CB0-4ADB-AF72-4C0BB01F0B18}"
EndProject
Global
	GlobalSection(SolutionConfigurationPlatforms) = preSolution
		Debug|x64 = Debug|x64
		Debug|x86 = Debug|x86
		Release|x64 = Release|x64
		Release|x86 = Release|x86
		RelWithDgb|x64 = RelWithDgb|x64
		RelWithDgb|x86 = RelWithDgb|x86
	EndGlobalSection
	GlobalSection(ProjectConfigurationPlatforms) = postSolution
		{741782D1-25D4-42B6-968E-150804FAF41B}.Debug|x64.ActiveCfg = Debug|x64
		{741782D1-25D4-42B6-968E-150804FAF41B}.Debug|x64.Build.0 = Debug|x64
		{741782D1-25D4-42B6-968E-150804FAF41B}.Debug|x86.ActiveCfg = Debug|Win32
		{741782D1-25D4-42B6-968E-150804FAF41B}.Debug|x86.Build.0 = Debug|Win32
		{741782D1-25D4-42B6-968E-150804FAF41B}.Release|x64.ActiveCfg = Release|x64
		{741782D1-25D4-42B6-968E-150804FAF41B}.Release|x64.Build.0 = Release|x64
		{741782D1-25D4-42B6-968E-150804FAF41B}.Release|x86.ActiveCfg = Release|Win32
		{741782D1-25D4-42B6-968E-150804FAF41B}.Release|x86.Build.0 = Release|Win32
		{741782D1-25D4-42B6-968E-150804FAF41B}.RelWithDgb|x64.ActiveCfg = RelWithDgb|x64
		{741782D1-25D4-42B6-968E-150804FAF41B}.RelWithDgb|x64.Build.0 = RelWithDgb|x64
		{741782D1-25D4-42B6-968E-150804FAF41B}.RelWithDgb|x86.ActiveCfg = RelWithDgb|Win32
		{741782D1-25D4-42B6-968E-150804FAF41B}.RelWithDgb|x86.Build.0 = RelWithDgb|Win32
		{F6B0A70C-FF06-4C45-9B92-56D1E46BF5B7}.Debug|x64.ActiveCfg = Debug|x64
		{F6B0A70C-FF06-4C45-9B92-56D1E46BF5B7}.Debug|x64.Build.0 = Debug|x64
		{F6B0A70C-FF06-4C45-9B92-56D1E46BF5B7}.Debug|x86.ActiveCfg = Debug|Win32
		{F6B0A70C-FF06-4C45-9B92-56D1E46BF5B7}.Debug|x86.Build.0 = Debug|Win32
		{F6B0A70C-FF06-4C45-9B92-56D1E46BF5B7}.Release|x64.ActiveCfg = Release|x64
		{F6B0A70C-FF06-4C45-9B92-56D1E46BF5B7}.Release|x64.Build.0 = Release|x64
		{F6B0A70C-FF06-4C45-9B92-56D1E46BF5B7}.Release|x86.ActiveCfg = Release|Win32
		{F6B0A70C-FF06-4C45-9B92-56D1E46BF5B7}.Release|x86.Build.0 = Release|Win32
		{F6B0A70C-FF06-4C45-9B92-56D1E46BF5B7}.RelWithDgb|x64.ActiveCfg = Release|x64
		{F6B0A70C-FF06-4C45-9B92-56D1E46BF5B7}.RelWithDgb|x64.Build.0 = Release|x64
		{F6B0A70C-FF06-4C45-9B92-56D1E46BF5B7}.RelWithDgb|x86.ActiveCfg = Release|Win32
		{F6B0A70C-FF06-4C45-9B92-56D1E46BF5B7}.RelWithDgb|x86.Build.0 = Release|Win32
		{A7D4BAEA-159A-4AD4-9B9D-B4714604038B}.Debug|x64.ActiveCfg = Debug|x64
		{A7D4BAEA-159A-4AD4-9B9D-B4714604038B}.Debug|x64.Build.0 = Debug|x64
		{A7D4BAEA-159A-4AD4-9B9D-B4714604038B}.Debug|x86.ActiveCfg = Debug|Win32
		{A7D4BAEA-159A-4AD4-9B9D-B4714604038B}.Debug|x86.Build.0 = Debug|Win32
		{A7D4BAEA-159A-4AD4-9B9D-B4714604038B}.Release|x64.ActiveCfg = Release|x64
		{A7D4BAEA-159A-4AD4-9B9D-B4714604038B}.Release|x64.Build.0 = Release|x64
		{A7D4BAEA-159A-4AD4-9B9D-B4714604038B}.Release|x86.ActiveCfg = Release|Win32
		{A7D4BAEA-159A-4AD4-9B9D-B4714604038B}.Release|x86.Build.0 = Release|Win32
		{A7D4BAEA-159A-4AD4-9B9D-B4714604038B}.RelWithDgb|x64.ActiveCfg = Release|x64
		{A7D4BAEA-159A-4AD4-9B9D-B4714604038B}.RelWithDgb|x64.Build.0 = Release|x64
		{A7D4BAEA-159A-4AD4-9B9D-B4714604038B}.RelWithDgb|x86.ActiveCfg = Release|Win32
		{A7D4BAEA-159A-4AD4-9B9D-B4714604038B}.RelWithDgb|x86.Build.0 = Release|Win32
		{72281C37-F044-49A3-85B9-A7667EBB76D9}.Debug|x64.ActiveCfg = Debug|x64
		{72281C37-F044-49A3-85B9-A7667EBB76D9}.Debug|x64.Build.0 = Debug|x64
		{72281C37-F044-49A3-85B9-A7667EBB76D9}.Debug|x86.ActiveCfg = Debug|Win32
		{72281C37-F044-49A3-85B9-A7667EBB76D9}.Debug|x86.Build.0 = Debug|Win32
		{72281C37-F044-49A3-85B9-A7667EBB76D9}.Release|x64.ActiveCfg = Release|x64
		{72281C37-F044-49A3-85B9-A7667EBB76D9}.Release|x64.Build.0 = Release|x64
		{72281C37-F044-49A3-85B9-A7667EBB76D9}.Release|x86.ActiveCfg = Release|Win32
		{72281C37-F044-49A3-85B9-A7667EBB76D9}.Release|x86.Build.0 = Release|Win32
		{72281C37-F044-49A3-85B9-A7667EBB76D9}.RelWithDgb|x64.ActiveCfg = Release|x64
		{72281C37-F044-49A3-85B9-A7667EBB76D9}.RelWithDgb|x64.Build.0 = Release|x64
		{72281C37-F044-49A3-85B9-A7667EBB76D9}.RelWithDgb|x86.ActiveCfg = Release|Win32
		{72281C37-F044-49A3-85B9-A7667EBB76D9}.RelWithDgb|x86.Build.0 = Release|Win32
		{5EEE68E7-3CB0-4ADB-AF72-4C0BB01F0B18}.Debug|x64.ActiveCfg = Debug|x64
		{5EEE68E7-3CB0-4ADB-AF72-4C0BB01F0B18}.Debug|x64.Build.0 = Debug|x64
		{5EEE68E7-3CB0-4ADB-AF72-4C0BB01F0B18}.Debug|x86.ActiveCfg = Debug|Win32
		{5EEE68E7-3CB0-4ADB-AF72-4C0BB01F0B18}.Debug|x86.Build.0 = Debug|Win32
		{5EEE68E7-3CB0-4ADB-AF72-4C0BB01F0B18}.Release|x64.ActiveCfg = Release|x64
		{5EEE68E7-3CB0-4ADB-AF72-4C0BB01F0B18}.Release|x64.Build.0 = Release|x64
		{5EEE68E7-3CB0-4ADB-AF72-4C0BB01F0B18}.Release|x86.ActiveCfg = Release|Win32
		{5EEE68E7-3CB0-4ADB-AF72-4C0BB01F0B18}.Release|x86.Build.0 = Release|Win32
		{5EEE68E7-3CB0-4ADB-AF72-4C0BB01F0B18}.RelWithDgb|x64.ActiveCfg = Release|x64
		{5EEE68E7-3CB0-4ADB-AF72-4C0BB01F0B18}.RelWithDgb|x64.Build.0 = Release|x64
		{5EEE68E7-3CB0-4ADB-AF72-4C0BB01F0B18}.RelWithDgb|x86.ActiveCfg = Release|Win32
		{5EEE68E7-3CB0-4ADB-AF72-4C0BB01F0B18}.RelWithDgb|x86.Build.0 = Release|Win32
	EndGlobalSection
	GlobalSection(SolutionProperties) = preSolution
		HideSolutionNode = FALSE
	EndGlobalSection
	GlobalSection(ExtensibilityGlobals) = postSolution
		SolutionGuid = {0A76CB1A-ECAB-4516-8E05-E5E5CFA914B0}
	EndGlobalSection
EndGlobal
